
Microsoft Visual Studio Solution File, Format Version 12.00
# Visual Studio 15
VisualStudioVersion = 15.0.26430.14
MinimumVisualStudioVersion = 10.0.40219.1
Project("{FAE04EC0-301F-11D3-BF4B-00C04F79EFBC}") = "DevStore.Domain", "DevStore.Domain\DevStore.Domain.csproj", "{C336FF90-5B51-4CFD-B107-1B0AF5ACCA58}"
EndProject
Project("{FAE04EC0-301F-11D3-BF4B-00C04F79EFBC}") = "DevStore.Infra", "DevStore.Infra\DevStore.Infra.csproj", "{1548A18F-1BB0-4615-B082-CAF58F81360E}"
EndProject
Project("{FAE04EC0-301F-11D3-BF4B-00C04F79EFBC}") = "DevStore.Api", "DevStore.Api\DevStore.Api.csproj", "{3829FDCD-8476-4EBB-8527-ECC24CAA5288}"
EndProject
Global
	GlobalSection(SolutionConfigurationPlatforms) = preSolution
		Debug|Any CPU = Debug|Any CPU
		Release|Any CPU = Release|Any CPU
	EndGlobalSection
	GlobalSection(ProjectConfigurationPlatforms) = postSolution
		{C336FF90-5B51-4CFD-B107-1B0AF5ACCA58}.Debug|Any CPU.ActiveCfg = Debug|Any CPU
		{C336FF90-5B51-4CFD-B107-1B0AF5ACCA58}.Debug|Any CPU.Build.0 = Debug|Any CPU
		{C336FF90-5B51-4CFD-B107-1B0AF5ACCA58}.Release|Any CPU.ActiveCfg = Release|Any CPU
		{C336FF90-5B51-4CFD-B107-1B0AF5ACCA58}.Release|Any CPU.Build.0 = Release|Any CPU
		{1548A18F-1BB0-4615-B082-CAF58F81360E}.Debug|Any CPU.ActiveCfg = Debug|Any CPU
		{1548A18F-1BB0-4615-B082-CAF58F81360E}.Debug|Any CPU.Build.0 = Debug|Any CPU
		{1548A18F-1BB0-4615-B082-CAF58F81360E}.Release|Any CPU.ActiveCfg = Release|Any CPU
		{1548A18F-1BB0-4615-B082-CAF58F81360E}.Release|Any CPU.Build.0 = Release|Any CPU
		{3829FDCD-8476-4EBB-8527-ECC24CAA5288}.Debug|Any CPU.ActiveCfg = Debug|Any CPU
		{3829FDCD-8476-4EBB-8527-ECC24CAA5288}.Debug|Any CPU.Build.0 = Debug|Any CPU
		{3829FDCD-8476-4EBB-8527-ECC24CAA5288}.Release|Any CPU.ActiveCfg = Release|Any CPU
		{3829FDCD-8476-4EBB-8527-ECC24CAA5288}.Release|Any CPU.Build.0 = Release|Any CPU
	EndGlobalSection
	GlobalSection(SolutionProperties) = preSolution
		HideSolutionNode = FALSE
	EndGlobalSection
EndGlobal
